// !$*UTF8*$!
{
	archiveVersion = 1;
	classes = {
	};
	objectVersion = 55;
	objects = {

/* Begin PBXBuildFile section */
		A21D44DE27A11967007A78C0 /* ContactView.swift in Sources */ = {isa = PBXBuildFile; fileRef = A21D44DD27A11967007A78C0 /* ContactView.swift */; };
		A21D44E027A11B7E007A78C0 /* NetworkDateFormatter.swift in Sources */ = {isa = PBXBuildFile; fileRef = A21D44DF27A11B7E007A78C0 /* NetworkDateFormatter.swift */; };
		A24C904E279D3F4200FA0ED1 /* CallService.swift in Sources */ = {isa = PBXBuildFile; fileRef = A24C904D279D3F4200FA0ED1 /* CallService.swift */; };
		A2A96FC6279BB2DF00E62F98 /* AppDelegate.swift in Sources */ = {isa = PBXBuildFile; fileRef = A2A96FC5279BB2DF00E62F98 /* AppDelegate.swift */; };
		A2A96FCF279BB2E700E62F98 /* Assets.xcassets in Resources */ = {isa = PBXBuildFile; fileRef = A2A96FCE279BB2E700E62F98 /* Assets.xcassets */; };
		A2A96FD2279BB2E700E62F98 /* LaunchScreen.storyboard in Resources */ = {isa = PBXBuildFile; fileRef = A2A96FD0279BB2E700E62F98 /* LaunchScreen.storyboard */; };
		A2A96FDA279BB33800E62F98 /* ModuleBuilder.swift in Sources */ = {isa = PBXBuildFile; fileRef = A2A96FD9279BB33800E62F98 /* ModuleBuilder.swift */; };
		A2A96FDD279BB75300E62F98 /* MainRouter.swift in Sources */ = {isa = PBXBuildFile; fileRef = A2A96FDC279BB75300E62F98 /* MainRouter.swift */; };
		A2A96FDF279BB76B00E62F98 /* MainViewModel.swift in Sources */ = {isa = PBXBuildFile; fileRef = A2A96FDE279BB76B00E62F98 /* MainViewModel.swift */; };
		A2A96FE2279BB78F00E62F98 /* MainViewController.swift in Sources */ = {isa = PBXBuildFile; fileRef = A2A96FE1279BB78F00E62F98 /* MainViewController.swift */; };
		A2A96FE5279BB7E800E62F98 /* SnapKit in Frameworks */ = {isa = PBXBuildFile; productRef = A2A96FE4279BB7E800E62F98 /* SnapKit */; };
		A2A96FE8279BB81A00E62F98 /* BottomSheetViewController.swift in Sources */ = {isa = PBXBuildFile; fileRef = A2A96FE7279BB81A00E62F98 /* BottomSheetViewController.swift */; };
		A2A96FEA279BB82400E62F98 /* BottomSheetRouter.swift in Sources */ = {isa = PBXBuildFile; fileRef = A2A96FE9279BB82400E62F98 /* BottomSheetRouter.swift */; };
		A2A96FEC279BB82F00E62F98 /* BottomSheetViewModel.swift in Sources */ = {isa = PBXBuildFile; fileRef = A2A96FEB279BB82F00E62F98 /* BottomSheetViewModel.swift */; };
		A2A96FEE279BB8B800E62F98 /* MainCell.swift in Sources */ = {isa = PBXBuildFile; fileRef = A2A96FED279BB8B800E62F98 /* MainCell.swift */; };
		A2A96FF1279BBA1900E62F98 /* Calls.swift in Sources */ = {isa = PBXBuildFile; fileRef = A2A96FF0279BBA1900E62F98 /* Calls.swift */; };
		A2BA687C279FDB3C0004FF2C /* Localizable.strings in Resources */ = {isa = PBXBuildFile; fileRef = A2BA687B279FDB3C0004FF2C /* Localizable.strings */; };
/* End PBXBuildFile section */

/* Begin PBXFileReference section */
		A21D44DD27A11967007A78C0 /* ContactView.swift */ = {isa = PBXFileReference; lastKnownFileType = sourcecode.swift; path = ContactView.swift; sourceTree = "<group>"; };
		A21D44DF27A11B7E007A78C0 /* NetworkDateFormatter.swift */ = {isa = PBXFileReference; lastKnownFileType = sourcecode.swift; path = NetworkDateFormatter.swift; sourceTree = "<group>"; };
		A24C904D279D3F4200FA0ED1 /* CallService.swift */ = {isa = PBXFileReference; lastKnownFileType = sourcecode.swift; path = CallService.swift; sourceTree = "<group>"; };
		A2A96FC2279BB2DF00E62F98 /* NordCloud.app */ = {isa = PBXFileReference; explicitFileType = wrapper.application; includeInIndex = 0; path = NordCloud.app; sourceTree = BUILT_PRODUCTS_DIR; };
		A2A96FC5279BB2DF00E62F98 /* AppDelegate.swift */ = {isa = PBXFileReference; lastKnownFileType = sourcecode.swift; path = AppDelegate.swift; sourceTree = "<group>"; };
		A2A96FCE279BB2E700E62F98 /* Assets.xcassets */ = {isa = PBXFileReference; lastKnownFileType = folder.assetcatalog; path = Assets.xcassets; sourceTree = "<group>"; };
		A2A96FD1279BB2E700E62F98 /* Base */ = {isa = PBXFileReference; lastKnownFileType = file.storyboard; name = Base; path = Base.lproj/LaunchScreen.storyboard; sourceTree = "<group>"; };
		A2A96FD3279BB2E700E62F98 /* Info.plist */ = {isa = PBXFileReference; lastKnownFileType = text.plist.xml; path = Info.plist; sourceTree = "<group>"; };
		A2A96FD9279BB33800E62F98 /* ModuleBuilder.swift */ = {isa = PBXFileReference; lastKnownFileType = sourcecode.swift; path = ModuleBuilder.swift; sourceTree = "<group>"; };
		A2A96FDC279BB75300E62F98 /* MainRouter.swift */ = {isa = PBXFileReference; lastKnownFileType = sourcecode.swift; path = MainRouter.swift; sourceTree = "<group>"; };
		A2A96FDE279BB76B00E62F98 /* MainViewModel.swift */ = {isa = PBXFileReference; lastKnownFileType = sourcecode.swift; path = MainViewModel.swift; sourceTree = "<group>"; };
		A2A96FE1279BB78F00E62F98 /* MainViewController.swift */ = {isa = PBXFileReference; lastKnownFileType = sourcecode.swift; path = MainViewController.swift; sourceTree = "<group>"; };
		A2A96FE7279BB81A00E62F98 /* BottomSheetViewController.swift */ = {isa = PBXFileReference; lastKnownFileType = sourcecode.swift; path = BottomSheetViewController.swift; sourceTree = "<group>"; };
		A2A96FE9279BB82400E62F98 /* BottomSheetRouter.swift */ = {isa = PBXFileReference; lastKnownFileType = sourcecode.swift; path = BottomSheetRouter.swift; sourceTree = "<group>"; };
		A2A96FEB279BB82F00E62F98 /* BottomSheetViewModel.swift */ = {isa = PBXFileReference; lastKnownFileType = sourcecode.swift; path = BottomSheetViewModel.swift; sourceTree = "<group>"; };
		A2A96FED279BB8B800E62F98 /* MainCell.swift */ = {isa = PBXFileReference; lastKnownFileType = sourcecode.swift; path = MainCell.swift; sourceTree = "<group>"; };
		A2A96FF0279BBA1900E62F98 /* Calls.swift */ = {isa = PBXFileReference; lastKnownFileType = sourcecode.swift; path = Calls.swift; sourceTree = "<group>"; };
		A2BA687B279FDB3C0004FF2C /* Localizable.strings */ = {isa = PBXFileReference; lastKnownFileType = text.plist.strings; path = Localizable.strings; sourceTree = "<group>"; };
/* End PBXFileReference section */

/* Begin PBXFrameworksBuildPhase section */
		A2A96FBF279BB2DF00E62F98 /* Frameworks */ = {
			isa = PBXFrameworksBuildPhase;
			buildActionMask = 2147483647;
			files = (
				A2A96FE5279BB7E800E62F98 /* SnapKit in Frameworks */,
			);
			runOnlyForDeploymentPostprocessing = 0;
		};
/* End PBXFrameworksBuildPhase section */

/* Begin PBXGroup section */
		A24C904C279D3EF000FA0ED1 /* Service */ = {
			isa = PBXGroup;
			children = (
				A24C904D279D3F4200FA0ED1 /* CallService.swift */,
				A21D44DF27A11B7E007A78C0 /* NetworkDateFormatter.swift */,
			);
			path = Service;
			sourceTree = "<group>";
		};
		A2A96FB9279BB2DE00E62F98 = {
			isa = PBXGroup;
			children = (
				A2A96FC4279BB2DF00E62F98 /* NordCloud */,
				A2A96FC3279BB2DF00E62F98 /* Products */,
			);
			sourceTree = "<group>";
		};
		A2A96FC3279BB2DF00E62F98 /* Products */ = {
			isa = PBXGroup;
			children = (
				A2A96FC2279BB2DF00E62F98 /* NordCloud.app */,
			);
			name = Products;
			sourceTree = "<group>";
		};
		A2A96FC4279BB2DF00E62F98 /* NordCloud */ = {
			isa = PBXGroup;
			children = (
				A24C904C279D3EF000FA0ED1 /* Service */,
				A2A96FEF279BB8F200E62F98 /* Model */,
				A2A96FE6279BB80900E62F98 /* BottomSheetModule */,
				A2A96FDB279BB74200E62F98 /* MainModule */,
				A2A96FC5279BB2DF00E62F98 /* AppDelegate.swift */,
				A2A96FD9279BB33800E62F98 /* ModuleBuilder.swift */,
				A2BA687B279FDB3C0004FF2C /* Localizable.strings */,
				A2A96FCE279BB2E700E62F98 /* Assets.xcassets */,
				A2A96FD0279BB2E700E62F98 /* LaunchScreen.storyboard */,
				A2A96FD3279BB2E700E62F98 /* Info.plist */,
			);
			path = NordCloud;
			sourceTree = "<group>";
		};
		A2A96FDB279BB74200E62F98 /* MainModule */ = {
			isa = PBXGroup;
			children = (
				A2A96FDC279BB75300E62F98 /* MainRouter.swift */,
				A2A96FDE279BB76B00E62F98 /* MainViewModel.swift */,
				A2A96FE1279BB78F00E62F98 /* MainViewController.swift */,
				A2A96FED279BB8B800E62F98 /* MainCell.swift */,
				A21D44DD27A11967007A78C0 /* ContactView.swift */,
			);
			path = MainModule;
			sourceTree = "<group>";
		};
		A2A96FE6279BB80900E62F98 /* BottomSheetModule */ = {
			isa = PBXGroup;
			children = (
				A2A96FE9279BB82400E62F98 /* BottomSheetRouter.swift */,
				A2A96FEB279BB82F00E62F98 /* BottomSheetViewModel.swift */,
				A2A96FE7279BB81A00E62F98 /* BottomSheetViewController.swift */,
			);
			path = BottomSheetModule;
			sourceTree = "<group>";
		};
		A2A96FEF279BB8F200E62F98 /* Model */ = {
			isa = PBXGroup;
			children = (
				A2A96FF0279BBA1900E62F98 /* Calls.swift */,
			);
			path = Model;
			sourceTree = "<group>";
		};
/* End PBXGroup section */

/* Begin PBXNativeTarget section */
		A2A96FC1279BB2DF00E62F98 /* NordCloud */ = {
			isa = PBXNativeTarget;
			buildConfigurationList = A2A96FD6279BB2E700E62F98 /* Build configuration list for PBXNativeTarget "NordCloud" */;
			buildPhases = (
				A2A96FBE279BB2DF00E62F98 /* Sources */,
				A2A96FBF279BB2DF00E62F98 /* Frameworks */,
				A2A96FC0279BB2DF00E62F98 /* Resources */,
			);
			buildRules = (
			);
			dependencies = (
			);
			name = NordCloud;
			packageProductDependencies = (
				A2A96FE4279BB7E800E62F98 /* SnapKit */,
			);
			productName = NordCloud;
			productReference = A2A96FC2279BB2DF00E62F98 /* NordCloud.app */;
			productType = "com.apple.product-type.application";
		};
/* End PBXNativeTarget section */

/* Begin PBXProject section */
		A2A96FBA279BB2DE00E62F98 /* Project object */ = {
			isa = PBXProject;
			attributes = {
				BuildIndependentTargetsInParallel = 1;
				LastSwiftUpdateCheck = 1310;
				LastUpgradeCheck = 1310;
				TargetAttributes = {
					A2A96FC1279BB2DF00E62F98 = {
						CreatedOnToolsVersion = 13.1;
					};
				};
			};
			buildConfigurationList = A2A96FBD279BB2DE00E62F98 /* Build configuration list for PBXProject "NordCloud" */;
			compatibilityVersion = "Xcode 13.0";
			developmentRegion = en;
			hasScannedForEncodings = 0;
			knownRegions = (
				en,
				Base,
			);
			mainGroup = A2A96FB9279BB2DE00E62F98;
			packageReferences = (
				A2A96FE3279BB7E800E62F98 /* XCRemoteSwiftPackageReference "SnapKit" */,
			);
			productRefGroup = A2A96FC3279BB2DF00E62F98 /* Products */;
			projectDirPath = "";
			projectRoot = "";
			targets = (
				A2A96FC1279BB2DF00E62F98 /* NordCloud */,
			);
		};
/* End PBXProject section */

/* Begin PBXResourcesBuildPhase section */
		A2A96FC0279BB2DF00E62F98 /* Resources */ = {
			isa = PBXResourcesBuildPhase;
			buildActionMask = 2147483647;
			files = (
				A2A96FD2279BB2E700E62F98 /* LaunchScreen.storyboard in Resources */,
				A2BA687C279FDB3C0004FF2C /* Localizable.strings in Resources */,
				A2A96FCF279BB2E700E62F98 /* Assets.xcassets in Resources */,
			);
			runOnlyForDeploymentPostprocessing = 0;
		};
/* End PBXResourcesBuildPhase section */

/* Begin PBXSourcesBuildPhase section */
		A2A96FBE279BB2DF00E62F98 /* Sources */ = {
			isa = PBXSourcesBuildPhase;
			buildActionMask = 2147483647;
			files = (
				A2A96FC6279BB2DF00E62F98 /* AppDelegate.swift in Sources */,
				A2A96FEA279BB82400E62F98 /* BottomSheetRouter.swift in Sources */,
				A2A96FE8279BB81A00E62F98 /* BottomSheetViewController.swift in Sources */,
				A2A96FDA279BB33800E62F98 /* ModuleBuilder.swift in Sources */,
				A2A96FDD279BB75300E62F98 /* MainRouter.swift in Sources */,
				A2A96FF1279BBA1900E62F98 /* Calls.swift in Sources */,
				A2A96FDF279BB76B00E62F98 /* MainViewModel.swift in Sources */,
				A21D44DE27A11967007A78C0 /* ContactView.swift in Sources */,
				A21D44E027A11B7E007A78C0 /* NetworkDateFormatter.swift in Sources */,
				A2A96FE2279BB78F00E62F98 /* MainViewController.swift in Sources */,
				A2A96FEC279BB82F00E62F98 /* BottomSheetViewModel.swift in Sources */,
				A2A96FEE279BB8B800E62F98 /* MainCell.swift in Sources */,
				A24C904E279D3F4200FA0ED1 /* CallService.swift in Sources */,
			);
			runOnlyForDeploymentPostprocessing = 0;
		};
/* End PBXSourcesBuildPhase section */

/* Begin PBXVariantGroup section */
		A2A96FD0279BB2E700E62F98 /* LaunchScreen.storyboard */ = {
			isa = PBXVariantGroup;
			children = (
				A2A96FD1279BB2E700E62F98 /* Base */,
			);
			name = LaunchScreen.storyboard;
			sourceTree = "<group>";
		};
/* End PBXVariantGroup section */

/* Begin XCBuildConfiguration section */
		A2A96FD4279BB2E700E62F98 /* Debug */ = {
			isa = XCBuildConfiguration;
			buildSettings = {
				ALWAYS_SEARCH_USER_PATHS = NO;
				CLANG_ANALYZER_NONNULL = YES;
				CLANG_ANALYZER_NUMBER_OBJECT_CONVERSION = YES_AGGRESSIVE;
				CLANG_CXX_LANGUAGE_STANDARD = "gnu++17";
				CLANG_CXX_LIBRARY = "libc++";
				CLANG_ENABLE_MODULES = YES;
				CLANG_ENABLE_OBJC_ARC = YES;
				CLANG_ENABLE_OBJC_WEAK = YES;
				CLANG_WARN_BLOCK_CAPTURE_AUTORELEASING = YES;
				CLANG_WARN_BOOL_CONVERSION = YES;
				CLANG_WARN_COMMA = YES;
				CLANG_WARN_CONSTANT_CONVERSION = YES;
				CLANG_WARN_DEPRECATED_OBJC_IMPLEMENTATIONS = YES;
				CLANG_WARN_DIRECT_OBJC_ISA_USAGE = YES_ERROR;
				CLANG_WARN_DOCUMENTATION_COMMENTS = YES;
				CLANG_WARN_EMPTY_BODY = YES;
				CLANG_WARN_ENUM_CONVERSION = YES;
				CLANG_WARN_INFINITE_RECURSION = YES;
				CLANG_WARN_INT_CONVERSION = YES;
				CLANG_WARN_NON_LITERAL_NULL_CONVERSION = YES;
				CLANG_WARN_OBJC_IMPLICIT_RETAIN_SELF = YES;
				CLANG_WARN_OBJC_LITERAL_CONVERSION = YES;
				CLANG_WARN_OBJC_ROOT_CLASS = YES_ERROR;
				CLANG_WARN_QUOTED_INCLUDE_IN_FRAMEWORK_HEADER = YES;
				CLANG_WARN_RANGE_LOOP_ANALYSIS = YES;
				CLANG_WARN_STRICT_PROTOTYPES = YES;
				CLANG_WARN_SUSPICIOUS_MOVE = YES;
				CLANG_WARN_UNGUARDED_AVAILABILITY = YES_AGGRESSIVE;
				CLANG_WARN_UNREACHABLE_CODE = YES;
				CLANG_WARN__DUPLICATE_METHOD_MATCH = YES;
				COPY_PHASE_STRIP = NO;
				DEBUG_INFORMATION_FORMAT = dwarf;
				ENABLE_STRICT_OBJC_MSGSEND = YES;
				ENABLE_TESTABILITY = YES;
				GCC_C_LANGUAGE_STANDARD = gnu11;
				GCC_DYNAMIC_NO_PIC = NO;
				GCC_NO_COMMON_BLOCKS = YES;
				GCC_OPTIMIZATION_LEVEL = 0;
				GCC_PREPROCESSOR_DEFINITIONS = (
					"DEBUG=1",
					"$(inherited)",
				);
				GCC_WARN_64_TO_32_BIT_CONVERSION = YES;
				GCC_WARN_ABOUT_RETURN_TYPE = YES_ERROR;
				GCC_WARN_UNDECLARED_SELECTOR = YES;
				GCC_WARN_UNINITIALIZED_AUTOS = YES_AGGRESSIVE;
				GCC_WARN_UNUSED_FUNCTION = YES;
				GCC_WARN_UNUSED_VARIABLE = YES;
				IPHONEOS_DEPLOYMENT_TARGET = 15.0;
				MTL_ENABLE_DEBUG_INFO = INCLUDE_SOURCE;
				MTL_FAST_MATH = YES;
				ONLY_ACTIVE_ARCH = YES;
				SDKROOT = iphoneos;
				SWIFT_ACTIVE_COMPILATION_CONDITIONS = DEBUG;
				SWIFT_OPTIMIZATION_LEVEL = "-Onone";
			};
			name = Debug;
		};
		A2A96FD5279BB2E700E62F98 /* Release */ = {
			isa = XCBuildConfiguration;
			buildSettings = {
				ALWAYS_SEARCH_USER_PATHS = NO;
				CLANG_ANALYZER_NONNULL = YES;
				CLANG_ANALYZER_NUMBER_OBJECT_CONVERSION = YES_AGGRESSIVE;
				CLANG_CXX_LANGUAGE_STANDARD = "gnu++17";
				CLANG_CXX_LIBRARY = "libc++";
				CLANG_ENABLE_MODULES = YES;
				CLANG_ENABLE_OBJC_ARC = YES;
				CLANG_ENABLE_OBJC_WEAK = YES;
				CLANG_WARN_BLOCK_CAPTURE_AUTORELEASING = YES;
				CLANG_WARN_BOOL_CONVERSION = YES;
				CLANG_WARN_COMMA = YES;
				CLANG_WARN_CONSTANT_CONVERSION = YES;
				CLANG_WARN_DEPRECATED_OBJC_IMPLEMENTATIONS = YES;
				CLANG_WARN_DIRECT_OBJC_ISA_USAGE = YES_ERROR;
				CLANG_WARN_DOCUMENTATION_COMMENTS = YES;
				CLANG_WARN_EMPTY_BODY = YES;
				CLANG_WARN_ENUM_CONVERSION = YES;
				CLANG_WARN_INFINITE_RECURSION = YES;
				CLANG_WARN_INT_CONVERSION = YES;
				CLANG_WARN_NON_LITERAL_NULL_CONVERSION = YES;
				CLANG_WARN_OBJC_IMPLICIT_RETAIN_SELF = YES;
				CLANG_WARN_OBJC_LITERAL_CONVERSION = YES;
				CLANG_WARN_OBJC_ROOT_CLASS = YES_ERROR;
				CLANG_WARN_QUOTED_INCLUDE_IN_FRAMEWORK_HEADER = YES;
				CLANG_WARN_RANGE_LOOP_ANALYSIS = YES;
				CLANG_WARN_STRICT_PROTOTYPES = YES;
				CLANG_WARN_SUSPICIOUS_MOVE = YES;
				CLANG_WARN_UNGUARDED_AVAILABILITY = YES_AGGRESSIVE;
				CLANG_WARN_UNREACHABLE_CODE = YES;
				CLANG_WARN__DUPLICATE_METHOD_MATCH = YES;
				COPY_PHASE_STRIP = NO;
				DEBUG_INFORMATION_FORMAT = "dwarf-with-dsym";
				ENABLE_NS_ASSERTIONS = NO;
				ENABLE_STRICT_OBJC_MSGSEND = YES;
				GCC_C_LANGUAGE_STANDARD = gnu11;
				GCC_NO_COMMON_BLOCKS = YES;
				GCC_WARN_64_TO_32_BIT_CONVERSION = YES;
				GCC_WARN_ABOUT_RETURN_TYPE = YES_ERROR;
				GCC_WARN_UNDECLARED_SELECTOR = YES;
				GCC_WARN_UNINITIALIZED_AUTOS = YES_AGGRESSIVE;
				GCC_WARN_UNUSED_FUNCTION = YES;
				GCC_WARN_UNUSED_VARIABLE = YES;
				IPHONEOS_DEPLOYMENT_TARGET = 15.0;
				MTL_ENABLE_DEBUG_INFO = NO;
				MTL_FAST_MATH = YES;
				SDKROOT = iphoneos;
				SWIFT_COMPILATION_MODE = wholemodule;
				SWIFT_OPTIMIZATION_LEVEL = "-O";
				VALIDATE_PRODUCT = YES;
			};
			name = Release;
		};
		A2A96FD7279BB2E700E62F98 /* Debug */ = {
			isa = XCBuildConfiguration;
			buildSettings = {
				ASSETCATALOG_COMPILER_APPICON_NAME = AppIcon;
				ASSETCATALOG_COMPILER_GLOBAL_ACCENT_COLOR_NAME = AccentColor;
				CODE_SIGN_STYLE = Automatic;
				CURRENT_PROJECT_VERSION = 1;
				DEVELOPMENT_TEAM = FKJRTB74YX;
				GENERATE_INFOPLIST_FILE = YES;
				INFOPLIST_FILE = NordCloud/Info.plist;
				INFOPLIST_KEY_UIApplicationSupportsIndirectInputEvents = YES;
				INFOPLIST_KEY_UILaunchStoryboardName = LaunchScreen;
				INFOPLIST_KEY_UISupportedInterfaceOrientations = UIInterfaceOrientationPortrait;
				INFOPLIST_KEY_UISupportedInterfaceOrientations_iPad = "UIInterfaceOrientationPortrait UIInterfaceOrientationPortraitUpsideDown UIInterfaceOrientationLandscapeLeft UIInterfaceOrientationLandscapeRight";
				INFOPLIST_KEY_UISupportedInterfaceOrientations_iPhone = "UIInterfaceOrientationPortrait UIInterfaceOrientationLandscapeLeft UIInterfaceOrientationLandscapeRight";
				IPHONEOS_DEPLOYMENT_TARGET = 11.0;
				LD_RUNPATH_SEARCH_PATHS = (
					"$(inherited)",
					"@executable_path/Frameworks",
				);
				MARKETING_VERSION = 1.0;
				PRODUCT_BUNDLE_IDENTIFIER = ru.om.NordCloud;
				PRODUCT_NAME = "$(TARGET_NAME)";
				SWIFT_EMIT_LOC_STRINGS = YES;
				SWIFT_VERSION = 5.0;
				TARGETED_DEVICE_FAMILY = "1,2";
			};
			name = Debug;
		};
		A2A96FD8279BB2E700E62F98 /* Release */ = {
			isa = XCBuildConfiguration;
			buildSettings = {
				ASSETCATALOG_COMPILER_APPICON_NAME = AppIcon;
				ASSETCATALOG_COMPILER_GLOBAL_ACCENT_COLOR_NAME = AccentColor;
				CODE_SIGN_STYLE = Automatic;
				CURRENT_PROJECT_VERSION = 1;
				DEVELOPMENT_TEAM = FKJRTB74YX;
				GENERATE_INFOPLIST_FILE = YES;
				INFOPLIST_FILE = NordCloud/Info.plist;
				INFOPLIST_KEY_UIApplicationSupportsIndirectInputEvents = YES;
				INFOPLIST_KEY_UILaunchStoryboardName = LaunchScreen;
				INFOPLIST_KEY_UISupportedInterfaceOrientations = UIInterfaceOrientationPortrait;
				INFOPLIST_KEY_UISupportedInterfaceOrientations_iPad = "UIInterfaceOrientationPortrait UIInterfaceOrientationPortraitUpsideDown UIInterfaceOrientationLandscapeLeft UIInterfaceOrientationLandscapeRight";
				INFOPLIST_KEY_UISupportedInterfaceOrientations_iPhone = "UIInterfaceOrientationPortrait UIInterfaceOrientationLandscapeLeft UIInterfaceOrientationLandscapeRight";
				IPHONEOS_DEPLOYMENT_TARGET = 11.0;
				LD_RUNPATH_SEARCH_PATHS = (
					"$(inherited)",
					"@executable_path/Frameworks",
				);
				MARKETING_VERSION = 1.0;
				PRODUCT_BUNDLE_IDENTIFIER = ru.om.NordCloud;
				PRODUCT_NAME = "$(TARGET_NAME)";
				SWIFT_EMIT_LOC_STRINGS = YES;
				SWIFT_VERSION = 5.0;
				TARGETED_DEVICE_FAMILY = "1,2";
			};
			name = Release;
		};
/* End XCBuildConfiguration section */

/* Begin XCConfigurationList section */
		A2A96FBD279BB2DE00E62F98 /* Build configuration list for PBXProject "NordCloud" */ = {
			isa = XCConfigurationList;
			buildConfigurations = (
				A2A96FD4279BB2E700E62F98 /* Debug */,
				A2A96FD5279BB2E700E62F98 /* Release */,
			);
			defaultConfigurationIsVisible = 0;
			defaultConfigurationName = Release;
		};
		A2A96FD6279BB2E700E62F98 /* Build configuration list for PBXNativeTarget "NordCloud" */ = {
			isa = XCConfigurationList;
			buildConfigurations = (
				A2A96FD7279BB2E700E62F98 /* Debug */,
				A2A96FD8279BB2E700E62F98 /* Release */,
			);
			defaultConfigurationIsVisible = 0;
			defaultConfigurationName = Release;
		};
/* End XCConfigurationList section */

/* Begin XCRemoteSwiftPackageReference section */
		A2A96FE3279BB7E800E62F98 /* XCRemoteSwiftPackageReference "SnapKit" */ = {
			isa = XCRemoteSwiftPackageReference;
			repositoryURL = "https://github.com/SnapKit/SnapKit.git";
			requirement = {
				kind = upToNextMajorVersion;
				minimumVersion = 5.0.0;
			};
		};
/* End XCRemoteSwiftPackageReference section */

/* Begin XCSwiftPackageProductDependency section */
		A2A96FE4279BB7E800E62F98 /* SnapKit */ = {
			isa = XCSwiftPackageProductDependency;
			package = A2A96FE3279BB7E800E62F98 /* XCRemoteSwiftPackageReference "SnapKit" */;
			productName = SnapKit;
		};
/* End XCSwiftPackageProductDependency section */
	};
	rootObject = A2A96FBA279BB2DE00E62F98 /* Project object */;
}
